PODS:
  - awesome_notifications (0.10.0):
    - Flutter
    - IosAwnCore (~> 0.10.0)
  - device_info_plus (0.0.1):
    - Flutter
  - Flutter (1.0.0)
  - integration_test (0.0.1):
    - Flutter
  - IosAwnCore (0.10.0)
  - open_file_ios (0.0.1):
    - Flutter
  - path_provider_foundation (0.0.1):
    - Flutter
    - FlutterMacOS
  - permission_handler_apple (9.3.0):
    - Flutter
  - share_plus (0.0.1):
    - Flutter
  - tbib_downloader (0.0.1):
    - Flutter

DEPENDENCIES:
  - awesome_notifications (from `.symlinks/plugins/awesome_notifications/ios`)
  - device_info_plus (from `.symlinks/plugins/device_info_plus/ios`)
  - Flutter (from `Flutter`)
  - integration_test (from `.symlinks/plugins/integration_test/ios`)
  - open_file_ios (from `.symlinks/plugins/open_file_ios/ios`)
  - path_provider_foundation (from `.symlinks/plugins/path_provider_foundation/darwin`)
  - permission_handler_apple (from `.symlinks/plugins/permission_handler_apple/ios`)
  - share_plus (from `.symlinks/plugins/share_plus/ios`)
  - tbib_downloader (from `.symlinks/plugins/tbib_downloader/ios`)

SPEC REPOS:
  trunk:
    - IosAwnCore

EXTERNAL SOURCES:
  awesome_notifications:
    :path: ".symlinks/plugins/awesome_notifications/ios"
  device_info_plus:
    :path: ".symlinks/plugins/device_info_plus/ios"
  Flutter:
    :path: Flutter
  integration_test:
    :path: ".symlinks/plugins/integration_test/ios"
  open_file_ios:
    :path: ".symlinks/plugins/open_file_ios/ios"
  path_provider_foundation:
    :path: ".symlinks/plugins/path_provider_foundation/darwin"
  permission_handler_apple:
    :path: ".symlinks/plugins/permission_handler_apple/ios"
  share_plus:
    :path: ".symlinks/plugins/share_plus/ios"
  tbib_downloader:
    :path: ".symlinks/plugins/tbib_downloader/ios"

SPEC CHECKSUMS:
  awesome_notifications: dd5518ff1c80be03d4f1c40f04da9d9cc2a37af5
  device_info_plus: bf2e3232933866d73fe290f2942f2156cdd10342
  Flutter: e0871f40cf51350855a761d2e70bf5af5b9b5de7
  integration_test: 252f60fa39af5e17c3aa9899d35d908a0721b573
  IosAwnCore: 653786a911089012092ce831f2945cd339855a89
  open_file_ios: 461db5853723763573e140de3193656f91990d9e
  path_provider_foundation: 2b6b4c569c0fb62ec74538f866245ac84301af46
  permission_handler_apple: 9878588469a2b0d0fc1e048d9f43605f92e6cec2
  share_plus: 8b6f8b3447e494cca5317c8c3073de39b3600d1f
  tbib_downloader: 65fbaf99c83a20714a83ec14ddfa03620312acd7

PODFILE CHECKSUM: 428dc722df2fc404522a6921f669e6116632166c

COCOAPODS: 1.16.2
